
Microsoft Visual Studio Solution File, Format Version 12.00
# Visual Studio Version 17
VisualStudioVersion = 17.4.33205.214
MinimumVisualStudioVersion = 10.0.40219.1
Project("{FAE04EC0-301F-11D3-BF4B-00C04F79EFBC}") = "WeatherNotify", "WeatherNotify.csproj", "{1E5BDA11-E22E-4734-A42B-5254B3A54697}"
EndProject
Global
	GlobalSection(SolutionConfigurationPlatforms) = preSolution
		Debug|Any CPU = Debug|Any CPU
		Release|Any CPU = Release|Any CPU
	EndGlobalSection
	GlobalSection(ProjectConfigurationPlatforms) = postSolution
		{1E5BDA11-E22E-4734-A42B-5254B3A54697}.Debug|Any CPU.ActiveCfg = Debug|Any CPU
		{1E5BDA11-E22E-4734-A42B-5254B3A54697}.Debug|Any CPU.Build.0 = Debug|Any CPU
		{1E5BDA11-E22E-4734-A42B-5254B3A54697}.Release|Any CPU.ActiveCfg = Release|Any CPU
		{1E5BDA11-E22E-4734-A42B-5254B3A54697}.Release|Any CPU.Build.0 = Release|Any CPU
	EndGlobalSection
	GlobalSection(SolutionProperties) = preSolution
		HideSolutionNode = FALSE
	EndGlobalSection
	GlobalSection(ExtensibilityGlobals) = postSolution
		SolutionGuid = {267B9D5F-A5DD-44BE-B09B-0D90E4275CE0}
	EndGlobalSection
EndGlobal
