
Microsoft Visual Studio Solution File, Format Version 12.00
# Visual Studio Version 16
VisualStudioVersion = 16.0.30320.27
MinimumVisualStudioVersion = 10.0.40219.1
Project("{FAE04EC0-301F-11D3-BF4B-00C04F79EFBC}") = "WeatherNotify", "WeatherNotify.csproj", "{B46D977F-B6B1-4EE9-BC07-9BCEBE4AE486}"
EndProject
Global
	GlobalSection(SolutionConfigurationPlatforms) = preSolution
		Debug|Any CPU = Debug|Any CPU
		Release|Any CPU = Release|Any CPU
	EndGlobalSection
	GlobalSection(ProjectConfigurationPlatforms) = postSolution
		{B46D977F-B6B1-4EE9-BC07-9BCEBE4AE486}.Debug|Any CPU.ActiveCfg = Debug|Any CPU
		{B46D977F-B6B1-4EE9-BC07-9BCEBE4AE486}.Debug|Any CPU.Build.0 = Debug|Any CPU
		{B46D977F-B6B1-4EE9-BC07-9BCEBE4AE486}.Release|Any CPU.ActiveCfg = Release|Any CPU
		{B46D977F-B6B1-4EE9-BC07-9BCEBE4AE486}.Release|Any CPU.Build.0 = Release|Any CPU
	EndGlobalSection
	GlobalSection(SolutionProperties) = preSolution
		HideSolutionNode = FALSE
	EndGlobalSection
	GlobalSection(ExtensibilityGlobals) = postSolution
		SolutionGuid = {B38816AB-B2A3-4BFF-8DC5-1BCDD01F0309}
	EndGlobalSection
EndGlobal
